// !$*UTF8*$!
{
	archiveVersion = 1;
	classes = {
	};
	objectVersion = 46;
	objects = {

/* Begin PBXBuildFile section */
		CC88CE0E1CB4B0DA00134487 /* main.m in Sources */ = {isa = PBXBuildFile; fileRef = CC88CE0D1CB4B0DA00134487 /* main.m */; };
		CC88CE111CB4B0DA00134487 /* AppDelegate.m in Sources */ = {isa = PBXBuildFile; fileRef = CC88CE101CB4B0DA00134487 /* AppDelegate.m */; };
		CC88CE141CB4B0DA00134487 /* FirstViewController.m in Sources */ = {isa = PBXBuildFile; fileRef = CC88CE131CB4B0DA00134487 /* FirstViewController.m */; };
		CC88CE171CB4B0DA00134487 /* Main.storyboard in Resources */ = {isa = PBXBuildFile; fileRef = CC88CE151CB4B0DA00134487 /* Main.storyboard */; };
		CC88CE1A1CB4B0DA00134487 /* _2_UITabBarControllerDemo_Code_.xcdatamodeld in Sources */ = {isa = PBXBuildFile; fileRef = CC88CE181CB4B0DA00134487 /* _2_UITabBarControllerDemo_Code_.xcdatamodeld */; };
		CC88CE1C1CB4B0DA00134487 /* Assets.xcassets in Resources */ = {isa = PBXBuildFile; fileRef = CC88CE1B1CB4B0DA00134487 /* Assets.xcassets */; };
		CC88CE1F1CB4B0DA00134487 /* LaunchScreen.storyboard in Resources */ = {isa = PBXBuildFile; fileRef = CC88CE1D1CB4B0DA00134487 /* LaunchScreen.storyboard */; };
		CC88CE2A1CB4B0DA00134487 /* _2_UITabBarControllerDemo_Code_Tests.m in Sources */ = {isa = PBXBuildFile; fileRef = CC88CE291CB4B0DA00134487 /* _2_UITabBarControllerDemo_Code_Tests.m */; };
		CC88CE351CB4B0DA00134487 /* _2_UITabBarControllerDemo_Code_UITests.m in Sources */ = {isa = PBXBuildFile; fileRef = CC88CE341CB4B0DA00134487 /* _2_UITabBarControllerDemo_Code_UITests.m */; };
		CC88CE441CB4B17700134487 /* SecondViewController.m in Sources */ = {isa = PBXBuildFile; fileRef = CC88CE431CB4B17700134487 /* SecondViewController.m */; };
		CC88CE471CB4B18400134487 /* ThirdViewController.m in Sources */ = {isa = PBXBuildFile; fileRef = CC88CE461CB4B18400134487 /* ThirdViewController.m */; };
		CC88CE4A1CB4B19000134487 /* FourthViewController.m in Sources */ = {isa = PBXBuildFile; fileRef = CC88CE491CB4B19000134487 /* FourthViewController.m */; };
		CC88CE4D1CB4B19C00134487 /* FifthViewController.m in Sources */ = {isa = PBXBuildFile; fileRef = CC88CE4C1CB4B19C00134487 /* FifthViewController.m */; };
		CC88CE501CB4B1A800134487 /* SixthViewController.m in Sources */ = {isa = PBXBuildFile; fileRef = CC88CE4F1CB4B1A800134487 /* SixthViewController.m */; };
		CC88CE531CB4B6E000134487 /* NextPageViewController.m in Sources */ = {isa = PBXBuildFile; fileRef = CC88CE521CB4B6E000134487 /* NextPageViewController.m */; };
		CC88CE551CB4B8CD00134487 /* navBackground.png in Resources */ = {isa = PBXBuildFile; fileRef = CC88CE541CB4B8CD00134487 /* navBackground.png */; };
		CC88CE571CB4B93C00134487 /* bgimgae.png in Resources */ = {isa = PBXBuildFile; fileRef = CC88CE561CB4B93C00134487 /* bgimgae.png */; };
/* End PBXBuildFile section */

/* Begin PBXContainerItemProxy section */
		CC88CE261CB4B0DA00134487 /* PBXContainerItemProxy */ = {
			isa = PBXContainerItemProxy;
			containerPortal = CC88CE011CB4B0DA00134487 /* Project object */;
			proxyType = 1;
			remoteGlobalIDString = CC88CE081CB4B0DA00134487;
			remoteInfo = "02-UITabBarControllerDemo(Code)";
		};
		CC88CE311CB4B0DA00134487 /* PBXContainerItemProxy */ = {
			isa = PBXContainerItemProxy;
			containerPortal = CC88CE011CB4B0DA00134487 /* Project object */;
			proxyType = 1;
			remoteGlobalIDString = CC88CE081CB4B0DA00134487;
			remoteInfo = "02-UITabBarControllerDemo(Code)";
		};
/* End PBXContainerItemProxy section */

/* Begin PBXFileReference section */
		CC88CE091CB4B0DA00134487 /* 02-UITabBarControllerDemo(Code).app */ = {isa = PBXFileReference; explicitFileType = wrapper.application; includeInIndex = 0; path = "02-UITabBarControllerDemo(Code).app"; sourceTree = BUILT_PRODUCTS_DIR; };
		CC88CE0D1CB4B0DA00134487 /* main.m */ = {isa = PBXFileReference; lastKnownFileType = sourcecode.c.objc; path = main.m; sourceTree = "<group>"; };
		CC88CE0F1CB4B0DA00134487 /* AppDelegate.h */ = {isa = PBXFileReference; lastKnownFileType = sourcecode.c.h; path = AppDelegate.h; sourceTree = "<group>"; };
		CC88CE101CB4B0DA00134487 /* AppDelegate.m */ = {isa = PBXFileReference; lastKnownFileType = sourcecode.c.objc; path = AppDelegate.m; sourceTree = "<group>"; };
		CC88CE121CB4B0DA00134487 /* FirstViewController.h */ = {isa = PBXFileReference; lastKnownFileType = sourcecode.c.h; path = FirstViewController.h; sourceTree = "<group>"; };
		CC88CE131CB4B0DA00134487 /* FirstViewController.m */ = {isa = PBXFileReference; lastKnownFileType = sourcecode.c.objc; path = FirstViewController.m; sourceTree = "<group>"; };
		CC88CE161CB4B0DA00134487 /* Base */ = {isa = PBXFileReference; lastKnownFileType = file.storyboard; name = Base; path = Base.lproj/Main.storyboard; sourceTree = "<group>"; };
		CC88CE191CB4B0DA00134487 /* _2_UITabBarControllerDemo_Code_.xcdatamodel */ = {isa = PBXFileReference; lastKnownFileType = wrapper.xcdatamodel; path = _2_UITabBarControllerDemo_Code_.xcdatamodel; sourceTree = "<group>"; };
		CC88CE1B1CB4B0DA00134487 /* Assets.xcassets */ = {isa = PBXFileReference; lastKnownFileType = folder.assetcatalog; path = Assets.xcassets; sourceTree = "<group>"; };
		CC88CE1E1CB4B0DA00134487 /* Base */ = {isa = PBXFileReference; lastKnownFileType = file.storyboard; name = Base; path = Base.lproj/LaunchScreen.storyboard; sourceTree = "<group>"; };
		CC88CE201CB4B0DA00134487 /* Info.plist */ = {isa = PBXFileReference; lastKnownFileType = text.plist.xml; path = Info.plist; sourceTree = "<group>"; };
		CC88CE251CB4B0DA00134487 /* 02-UITabBarControllerDemo(Code)Tests.xctest */ = {isa = PBXFileReference; explicitFileType = wrapper.cfbundle; includeInIndex = 0; path = "02-UITabBarControllerDemo(Code)Tests.xctest"; sourceTree = BUILT_PRODUCTS_DIR; };
		CC88CE291CB4B0DA00134487 /* _2_UITabBarControllerDemo_Code_Tests.m */ = {isa = PBXFileReference; lastKnownFileType = sourcecode.c.objc; path = _2_UITabBarControllerDemo_Code_Tests.m; sourceTree = "<group>"; };
		CC88CE2B1CB4B0DA00134487 /* Info.plist */ = {isa = PBXFileReference; lastKnownFileType = text.plist.xml; path = Info.plist; sourceTree = "<group>"; };
		CC88CE301CB4B0DA00134487 /* 02-UITabBarControllerDemo(Code)UITests.xctest */ = {isa = PBXFileReference; explicitFileType = wrapper.cfbundle; includeInIndex = 0; path = "02-UITabBarControllerDemo(Code)UITests.xctest"; sourceTree = BUILT_PRODUCTS_DIR; };
		CC88CE341CB4B0DA00134487 /* _2_UITabBarControllerDemo_Code_UITests.m */ = {isa = PBXFileReference; lastKnownFileType = sourcecode.c.objc; path = _2_UITabBarControllerDemo_Code_UITests.m; sourceTree = "<group>"; };
		CC88CE361CB4B0DA00134487 /* Info.plist */ = {isa = PBXFileReference; lastKnownFileType = text.plist.xml; path = Info.plist; sourceTree = "<group>"; };
		CC88CE421CB4B17700134487 /* SecondViewController.h */ = {isa = PBXFileReference; fileEncoding = 4; lastKnownFileType = sourcecode.c.h; path = SecondViewController.h; sourceTree = "<group>"; };
		CC88CE431CB4B17700134487 /* SecondViewController.m */ = {isa = PBXFileReference; fileEncoding = 4; lastKnownFileType = sourcecode.c.objc; path = SecondViewController.m; sourceTree = "<group>"; };
		CC88CE451CB4B18400134487 /* ThirdViewController.h */ = {isa = PBXFileReference; fileEncoding = 4; lastKnownFileType = sourcecode.c.h; path = ThirdViewController.h; sourceTree = "<group>"; };
		CC88CE461CB4B18400134487 /* ThirdViewController.m */ = {isa = PBXFileReference; fileEncoding = 4; lastKnownFileType = sourcecode.c.objc; path = ThirdViewController.m; sourceTree = "<group>"; };
		CC88CE481CB4B19000134487 /* FourthViewController.h */ = {isa = PBXFileReference; fileEncoding = 4; lastKnownFileType = sourcecode.c.h; path = FourthViewController.h; sourceTree = "<group>"; };
		CC88CE491CB4B19000134487 /* FourthViewController.m */ = {isa = PBXFileReference; fileEncoding = 4; lastKnownFileType = sourcecode.c.objc; path = FourthViewController.m; sourceTree = "<group>"; };
		CC88CE4B1CB4B19C00134487 /* FifthViewController.h */ = {isa = PBXFileReference; fileEncoding = 4; lastKnownFileType = sourcecode.c.h; path = FifthViewController.h; sourceTree = "<group>"; };
		CC88CE4C1CB4B19C00134487 /* FifthViewController.m */ = {isa = PBXFileReference; fileEncoding = 4; lastKnownFileType = sourcecode.c.objc; path = FifthViewController.m; sourceTree = "<group>"; };
		CC88CE4E1CB4B1A800134487 /* SixthViewController.h */ = {isa = PBXFileReference; fileEncoding = 4; lastKnownFileType = sourcecode.c.h; path = SixthViewController.h; sourceTree = "<group>"; };
		CC88CE4F1CB4B1A800134487 /* SixthViewController.m */ = {isa = PBXFileReference; fileEncoding = 4; lastKnownFileType = sourcecode.c.objc; path = SixthViewController.m; sourceTree = "<group>"; };
		CC88CE511CB4B6E000134487 /* NextPageViewController.h */ = {isa = PBXFileReference; fileEncoding = 4; lastKnownFileType = sourcecode.c.h; path = NextPageViewController.h; sourceTree = "<group>"; };
		CC88CE521CB4B6E000134487 /* NextPageViewController.m */ = {isa = PBXFileReference; fileEncoding = 4; lastKnownFileType = sourcecode.c.objc; path = NextPageViewController.m; sourceTree = "<group>"; };
		CC88CE541CB4B8CD00134487 /* navBackground.png */ = {isa = PBXFileReference; lastKnownFileType = image.png; path = navBackground.png; sourceTree = "<group>"; };
		CC88CE561CB4B93C00134487 /* bgimgae.png */ = {isa = PBXFileReference; lastKnownFileType = image.png; path = bgimgae.png; sourceTree = "<group>"; };
/* End PBXFileReference section */

/* Begin PBXFrameworksBuildPhase section */
		CC88CE061CB4B0DA00134487 /* Frameworks */ = {
			isa = PBXFrameworksBuildPhase;
			buildActionMask = 2147483647;
			files = (
			);
			runOnlyForDeploymentPostprocessing = 0;
		};
		CC88CE221CB4B0DA00134487 /* Frameworks */ = {
			isa = PBXFrameworksBuildPhase;
			buildActionMask = 2147483647;
			files = (
			);
			runOnlyForDeploymentPostprocessing = 0;
		};
		CC88CE2D1CB4B0DA00134487 /* Frameworks */ = {
			isa = PBXFrameworksBuildPhase;
			buildActionMask = 2147483647;
			files = (
			);
			runOnlyForDeploymentPostprocessing = 0;
		};
/* End PBXFrameworksBuildPhase section */

/* Begin PBXGroup section */
		CC88CE001CB4B0DA00134487 = {
			isa = PBXGroup;
			children = (
				CC88CE0B1CB4B0DA00134487 /* 02-UITabBarControllerDemo(Code) */,
				CC88CE281CB4B0DA00134487 /* 02-UITabBarControllerDemo(Code)Tests */,
				CC88CE331CB4B0DA00134487 /* 02-UITabBarControllerDemo(Code)UITests */,
				CC88CE0A1CB4B0DA00134487 /* Products */,
			);
			sourceTree = "<group>";
		};
		CC88CE0A1CB4B0DA00134487 /* Products */ = {
			isa = PBXGroup;
			children = (
				CC88CE091CB4B0DA00134487 /* 02-UITabBarControllerDemo(Code).app */,
				CC88CE251CB4B0DA00134487 /* 02-UITabBarControllerDemo(Code)Tests.xctest */,
				CC88CE301CB4B0DA00134487 /* 02-UITabBarControllerDemo(Code)UITests.xctest */,
			);
			name = Products;
			sourceTree = "<group>";
		};
		CC88CE0B1CB4B0DA00134487 /* 02-UITabBarControllerDemo(Code) */ = {
			isa = PBXGroup;
			children = (
				CC88CE0F1CB4B0DA00134487 /* AppDelegate.h */,
				CC88CE101CB4B0DA00134487 /* AppDelegate.m */,
				CC88CE121CB4B0DA00134487 /* FirstViewController.h */,
				CC88CE131CB4B0DA00134487 /* FirstViewController.m */,
				CC88CE421CB4B17700134487 /* SecondViewController.h */,
				CC88CE431CB4B17700134487 /* SecondViewController.m */,
				CC88CE451CB4B18400134487 /* ThirdViewController.h */,
				CC88CE461CB4B18400134487 /* ThirdViewController.m */,
				CC88CE481CB4B19000134487 /* FourthViewController.h */,
				CC88CE491CB4B19000134487 /* FourthViewController.m */,
				CC88CE4B1CB4B19C00134487 /* FifthViewController.h */,
				CC88CE4C1CB4B19C00134487 /* FifthViewController.m */,
				CC88CE4E1CB4B1A800134487 /* SixthViewController.h */,
				CC88CE4F1CB4B1A800134487 /* SixthViewController.m */,
				CC88CE511CB4B6E000134487 /* NextPageViewController.h */,
				CC88CE521CB4B6E000134487 /* NextPageViewController.m */,
				CC88CE151CB4B0DA00134487 /* Main.storyboard */,
				CC88CE1B1CB4B0DA00134487 /* Assets.xcassets */,
				CC88CE1D1CB4B0DA00134487 /* LaunchScreen.storyboard */,
				CC88CE201CB4B0DA00134487 /* Info.plist */,
				CC88CE181CB4B0DA00134487 /* _2_UITabBarControllerDemo_Code_.xcdatamodeld */,
				CC88CE0C1CB4B0DA00134487 /* Supporting Files */,
			);
			path = "02-UITabBarControllerDemo(Code)";
			sourceTree = "<group>";
		};
		CC88CE0C1CB4B0DA00134487 /* Supporting Files */ = {
			isa = PBXGroup;
			children = (
				CC88CE541CB4B8CD00134487 /* navBackground.png */,
				CC88CE561CB4B93C00134487 /* bgimgae.png */,
				CC88CE0D1CB4B0DA00134487 /* main.m */,
			);
			name = "Supporting Files";
			sourceTree = "<group>";
		};
		CC88CE281CB4B0DA00134487 /* 02-UITabBarControllerDemo(Code)Tests */ = {
			isa = PBXGroup;
			children = (
				CC88CE291CB4B0DA00134487 /* _2_UITabBarControllerDemo_Code_Tests.m */,
				CC88CE2B1CB4B0DA00134487 /* Info.plist */,
			);
			path = "02-UITabBarControllerDemo(Code)Tests";
			sourceTree = "<group>";
		};
		CC88CE331CB4B0DA00134487 /* 02-UITabBarControllerDemo(Code)UITests */ = {
			isa = PBXGroup;
			children = (
				CC88CE341CB4B0DA00134487 /* _2_UITabBarControllerDemo_Code_UITests.m */,
				CC88CE361CB4B0DA00134487 /* Info.plist */,
			);
			path = "02-UITabBarControllerDemo(Code)UITests";
			sourceTree = "<group>";
		};
/* End PBXGroup section */

/* Begin PBXNativeTarget section */
		CC88CE081CB4B0DA00134487 /* 02-UITabBarControllerDemo(Code) */ = {
			isa = PBXNativeTarget;
			buildConfigurationList = CC88CE391CB4B0DA00134487 /* Build configuration list for PBXNativeTarget "02-UITabBarControllerDemo(Code)" */;
			buildPhases = (
				CC88CE051CB4B0DA00134487 /* Sources */,
				CC88CE061CB4B0DA00134487 /* Frameworks */,
				CC88CE071CB4B0DA00134487 /* Resources */,
			);
			buildRules = (
			);
			dependencies = (
			);
			name = "02-UITabBarControllerDemo(Code)";
			productName = "02-UITabBarControllerDemo(Code)";
			productReference = CC88CE091CB4B0DA00134487 /* 02-UITabBarControllerDemo(Code).app */;
			productType = "com.apple.product-type.application";
		};
		CC88CE241CB4B0DA00134487 /* 02-UITabBarControllerDemo(Code)Tests */ = {
			isa = PBXNativeTarget;
			buildConfigurationList = CC88CE3C1CB4B0DA00134487 /* Build configuration list for PBXNativeTarget "02-UITabBarControllerDemo(Code)Tests" */;
			buildPhases = (
				CC88CE211CB4B0DA00134487 /* Sources */,
				CC88CE221CB4B0DA00134487 /* Frameworks */,
				CC88CE231CB4B0DA00134487 /* Resources */,
			);
			buildRules = (
			);
			dependencies = (
				CC88CE271CB4B0DA00134487 /* PBXTargetDependency */,
			);
			name = "02-UITabBarControllerDemo(Code)Tests";
			productName = "02-UITabBarControllerDemo(Code)Tests";
			productReference = CC88CE251CB4B0DA00134487 /* 02-UITabBarControllerDemo(Code)Tests.xctest */;
			productType = "com.apple.product-type.bundle.unit-test";
		};
		CC88CE2F1CB4B0DA00134487 /* 02-UITabBarControllerDemo(Code)UITests */ = {
			isa = PBXNativeTarget;
			buildConfigurationList = CC88CE3F1CB4B0DA00134487 /* Build configuration list for PBXNativeTarget "02-UITabBarControllerDemo(Code)UITests" */;
			buildPhases = (
				CC88CE2C1CB4B0DA00134487 /* Sources */,
				CC88CE2D1CB4B0DA00134487 /* Frameworks */,
				CC88CE2E1CB4B0DA00134487 /* Resources */,
			);
			buildRules = (
			);
			dependencies = (
				CC88CE321CB4B0DA00134487 /* PBXTargetDependency */,
			);
			name = "02-UITabBarControllerDemo(Code)UITests";
			productName = "02-UITabBarControllerDemo(Code)UITests";
			productReference = CC88CE301CB4B0DA00134487 /* 02-UITabBarControllerDemo(Code)UITests.xctest */;
			productType = "com.apple.product-type.bundle.ui-testing";
		};
/* End PBXNativeTarget section */

/* Begin PBXProject section */
		CC88CE011CB4B0DA00134487 /* Project object */ = {
			isa = PBXProject;
			attributes = {
				LastUpgradeCheck = 0720;
				ORGANIZATIONNAME = "河南青云信息技术有限公司";
				TargetAttributes = {
					CC88CE081CB4B0DA00134487 = {
						CreatedOnToolsVersion = 7.2;
					};
					CC88CE241CB4B0DA00134487 = {
						CreatedOnToolsVersion = 7.2;
						TestTargetID = CC88CE081CB4B0DA00134487;
					};
					CC88CE2F1CB4B0DA00134487 = {
						CreatedOnToolsVersion = 7.2;
						TestTargetID = CC88CE081CB4B0DA00134487;
					};
				};
			};
			buildConfigurationList = CC88CE041CB4B0DA00134487 /* Build configuration list for PBXProject "02-UITabBarControllerDemo(Code)" */;
			compatibilityVersion = "Xcode 3.2";
			developmentRegion = English;
			hasScannedForEncodings = 0;
			knownRegions = (
				en,
				Base,
			);
			mainGroup = CC88CE001CB4B0DA00134487;
			productRefGroup = CC88CE0A1CB4B0DA00134487 /* Products */;
			projectDirPath = "";
			projectRoot = "";
			targets = (
				CC88CE081CB4B0DA00134487 /* 02-UITabBarControllerDemo(Code) */,
				CC88CE241CB4B0DA00134487 /* 02-UITabBarControllerDemo(Code)Tests */,
				CC88CE2F1CB4B0DA00134487 /* 02-UITabBarControllerDemo(Code)UITests */,
			);
		};
/* End PBXProject section */

/* Begin PBXResourcesBuildPhase section */
		CC88CE071CB4B0DA00134487 /* Resources */ = {
			isa = PBXResourcesBuildPhase;
			buildActionMask = 2147483647;
			files = (
				CC88CE571CB4B93C00134487 /* bgimgae.png in Resources */,
				CC88CE1F1CB4B0DA00134487 /* LaunchScreen.storyboard in Resources */,
				CC88CE551CB4B8CD00134487 /* navBackground.png in Resources */,
				CC88CE1C1CB4B0DA00134487 /* Assets.xcassets in Resources */,
				CC88CE171CB4B0DA00134487 /* Main.storyboard in Resources */,
			);
			runOnlyForDeploymentPostprocessing = 0;
		};
		CC88CE231CB4B0DA00134487 /* Resources */ = {
			isa = PBXResourcesBuildPhase;
			buildActionMask = 2147483647;
			files = (
			);
			runOnlyForDeploymentPostprocessing = 0;
		};
		CC88CE2E1CB4B0DA00134487 /* Resources */ = {
			isa = PBXResourcesBuildPhase;
			buildActionMask = 2147483647;
			files = (
			);
			runOnlyForDeploymentPostprocessing = 0;
		};
/* End PBXResourcesBuildPhase section */

/* Begin PBXSourcesBuildPhase section */
		CC88CE051CB4B0DA00134487 /* Sources */ = {
			isa = PBXSourcesBuildPhase;
			buildActionMask = 2147483647;
			files = (
				CC88CE4D1CB4B19C00134487 /* FifthViewController.m in Sources */,
				CC88CE441CB4B17700134487 /* SecondViewController.m in Sources */,
				CC88CE1A1CB4B0DA00134487 /* _2_UITabBarControllerDemo_Code_.xcdatamodeld in Sources */,
				CC88CE471CB4B18400134487 /* ThirdViewController.m in Sources */,
				CC88CE141CB4B0DA00134487 /* FirstViewController.m in Sources */,
				CC88CE501CB4B1A800134487 /* SixthViewController.m in Sources */,
				CC88CE531CB4B6E000134487 /* NextPageViewController.m in Sources */,
				CC88CE111CB4B0DA00134487 /* AppDelegate.m in Sources */,
				CC88CE4A1CB4B19000134487 /* FourthViewController.m in Sources */,
				CC88CE0E1CB4B0DA00134487 /* main.m in Sources */,
			);
			runOnlyForDeploymentPostprocessing = 0;
		};
		CC88CE211CB4B0DA00134487 /* Sources */ = {
			isa = PBXSourcesBuildPhase;
			buildActionMask = 2147483647;
			files = (
				CC88CE2A1CB4B0DA00134487 /* _2_UITabBarControllerDemo_Code_Tests.m in Sources */,
			);
			runOnlyForDeploymentPostprocessing = 0;
		};
		CC88CE2C1CB4B0DA00134487 /* Sources */ = {
			isa = PBXSourcesBuildPhase;
			buildActionMask = 2147483647;
			files = (
				CC88CE351CB4B0DA00134487 /* _2_UITabBarControllerDemo_Code_UITests.m in Sources */,
			);
			runOnlyForDeploymentPostprocessing = 0;
		};
/* End PBXSourcesBuildPhase section */

/* Begin PBXTargetDependency section */
		CC88CE271CB4B0DA00134487 /* PBXTargetDependency */ = {
			isa = PBXTargetDependency;
			target = CC88CE081CB4B0DA00134487 /* 02-UITabBarControllerDemo(Code) */;
			targetProxy = CC88CE261CB4B0DA00134487 /* PBXContainerItemProxy */;
		};
		CC88CE321CB4B0DA00134487 /* PBXTargetDependency */ = {
			isa = PBXTargetDependency;
			target = CC88CE081CB4B0DA00134487 /* 02-UITabBarControllerDemo(Code) */;
			targetProxy = CC88CE311CB4B0DA00134487 /* PBXContainerItemProxy */;
		};
/* End PBXTargetDependency section */

/* Begin PBXVariantGroup section */
		CC88CE151CB4B0DA00134487 /* Main.storyboard */ = {
			isa = PBXVariantGroup;
			children = (
				CC88CE161CB4B0DA00134487 /* Base */,
			);
			name = Main.storyboard;
			sourceTree = "<group>";
		};
		CC88CE1D1CB4B0DA00134487 /* LaunchScreen.storyboard */ = {
			isa = PBXVariantGroup;
			children = (
				CC88CE1E1CB4B0DA00134487 /* Base */,
			);
			name = LaunchScreen.storyboard;
			sourceTree = "<group>";
		};
/* End PBXVariantGroup section */

/* Begin XCBuildConfiguration section */
		CC88CE371CB4B0DA00134487 /* Debug */ = {
			isa = XCBuildConfiguration;
			buildSettings = {
				ALWAYS_SEARCH_USER_PATHS = NO;
				CLANG_CXX_LANGUAGE_STANDARD = "gnu++0x";
				CLANG_CXX_LIBRARY = "libc++";
				CLANG_ENABLE_MODULES = YES;
				CLANG_ENABLE_OBJC_ARC = YES;
				CLANG_WARN_BOOL_CONVERSION = YES;
				CLANG_WARN_CONSTANT_CONVERSION = YES;
				CLANG_WARN_DIRECT_OBJC_ISA_USAGE = YES_ERROR;
				CLANG_WARN_EMPTY_BODY = YES;
				CLANG_WARN_ENUM_CONVERSION = YES;
				CLANG_WARN_INT_CONVERSION = YES;
				CLANG_WARN_OBJC_ROOT_CLASS = YES_ERROR;
				CLANG_WARN_UNREACHABLE_CODE = YES;
				CLANG_WARN__DUPLICATE_METHOD_MATCH = YES;
				"CODE_SIGN_IDENTITY[sdk=iphoneos*]" = "iPhone Developer";
				COPY_PHASE_STRIP = NO;
				DEBUG_INFORMATION_FORMAT = dwarf;
				ENABLE_STRICT_OBJC_MSGSEND = YES;
				ENABLE_TESTABILITY = YES;
				GCC_C_LANGUAGE_STANDARD = gnu99;
				GCC_DYNAMIC_NO_PIC = NO;
				GCC_NO_COMMON_BLOCKS = YES;
				GCC_OPTIMIZATION_LEVEL = 0;
				GCC_PREPROCESSOR_DEFINITIONS = (
					"DEBUG=1",
					"$(inherited)",
				);
				GCC_WARN_64_TO_32_BIT_CONVERSION = YES;
				GCC_WARN_ABOUT_RETURN_TYPE = YES_ERROR;
				GCC_WARN_UNDECLARED_SELECTOR = YES;
				GCC_WARN_UNINITIALIZED_AUTOS = YES_AGGRESSIVE;
				GCC_WARN_UNUSED_FUNCTION = YES;
				GCC_WARN_UNUSED_VARIABLE = YES;
				IPHONEOS_DEPLOYMENT_TARGET = 9.2;
				MTL_ENABLE_DEBUG_INFO = YES;
				ONLY_ACTIVE_ARCH = YES;
				SDKROOT = iphoneos;
			};
			name = Debug;
		};
		CC88CE381CB4B0DA00134487 /* Release */ = {
			isa = XCBuildConfiguration;
			buildSettings = {
				ALWAYS_SEARCH_USER_PATHS = NO;
				CLANG_CXX_LANGUAGE_STANDARD = "gnu++0x";
				CLANG_CXX_LIBRARY = "libc++";
				CLANG_ENABLE_MODULES = YES;
				CLANG_ENABLE_OBJC_ARC = YES;
				CLANG_WARN_BOOL_CONVERSION = YES;
				CLANG_WARN_CONSTANT_CONVERSION = YES;
				CLANG_WARN_DIRECT_OBJC_ISA_USAGE = YES_ERROR;
				CLANG_WARN_EMPTY_BODY = YES;
				CLANG_WARN_ENUM_CONVERSION = YES;
				CLANG_WARN_INT_CONVERSION = YES;
				CLANG_WARN_OBJC_ROOT_CLASS = YES_ERROR;
				CLANG_WARN_UNREACHABLE_CODE = YES;
				CLANG_WARN__DUPLICATE_METHOD_MATCH = YES;
				"CODE_SIGN_IDENTITY[sdk=iphoneos*]" = "iPhone Developer";
				COPY_PHASE_STRIP = NO;
				DEBUG_INFORMATION_FORMAT = "dwarf-with-dsym";
				ENABLE_NS_ASSERTIONS = NO;
				ENABLE_STRICT_OBJC_MSGSEND = YES;
				GCC_C_LANGUAGE_STANDARD = gnu99;
				GCC_NO_COMMON_BLOCKS = YES;
				GCC_WARN_64_TO_32_BIT_CONVERSION = YES;
				GCC_WARN_ABOUT_RETURN_TYPE = YES_ERROR;
				GCC_WARN_UNDECLARED_SELECTOR = YES;
				GCC_WARN_UNINITIALIZED_AUTOS = YES_AGGRESSIVE;
				GCC_WARN_UNUSED_FUNCTION = YES;
				GCC_WARN_UNUSED_VARIABLE = YES;
				IPHONEOS_DEPLOYMENT_TARGET = 9.2;
				MTL_ENABLE_DEBUG_INFO = NO;
				SDKROOT = iphoneos;
				VALIDATE_PRODUCT = YES;
			};
			name = Release;
		};
		CC88CE3A1CB4B0DA00134487 /* Debug */ = {
			isa = XCBuildConfiguration;
			buildSettings = {
				ASSETCATALOG_COMPILER_APPICON_NAME = AppIcon;
				INFOPLIST_FILE = "02-UITabBarControllerDemo(Code)/Info.plist";
				LD_RUNPATH_SEARCH_PATHS = "$(inherited) @executable_path/Frameworks";
				PRODUCT_BUNDLE_IDENTIFIER = "com.hnqingyun.-2-UITabBarControllerDemo-Code-";
				PRODUCT_NAME = "$(TARGET_NAME)";
			};
			name = Debug;
		};
		CC88CE3B1CB4B0DA00134487 /* Release */ = {
			isa = XCBuildConfiguration;
			buildSettings = {
				ASSETCATALOG_COMPILER_APPICON_NAME = AppIcon;
				INFOPLIST_FILE = "02-UITabBarControllerDemo(Code)/Info.plist";
				LD_RUNPATH_SEARCH_PATHS = "$(inherited) @executable_path/Frameworks";
				PRODUCT_BUNDLE_IDENTIFIER = "com.hnqingyun.-2-UITabBarControllerDemo-Code-";
				PRODUCT_NAME = "$(TARGET_NAME)";
			};
			name = Release;
		};
		CC88CE3D1CB4B0DA00134487 /* Debug */ = {
			isa = XCBuildConfiguration;
			buildSettings = {
				BUNDLE_LOADER = "$(TEST_HOST)";
				INFOPLIST_FILE = "02-UITabBarControllerDemo(Code)Tests/Info.plist";
				LD_RUNPATH_SEARCH_PATHS = "$(inherited) @executable_path/Frameworks @loader_path/Frameworks";
				PRODUCT_BUNDLE_IDENTIFIER = "com.hnqingyun.-2-UITabBarControllerDemo-Code-Tests";
				PRODUCT_NAME = "$(TARGET_NAME)";
				TEST_HOST = "$(BUILT_PRODUCTS_DIR)/02-UITabBarControllerDemo(Code).app/02-UITabBarControllerDemo(Code)";
			};
			name = Debug;
		};
		CC88CE3E1CB4B0DA00134487 /* Release */ = {
			isa = XCBuildConfiguration;
			buildSettings = {
				BUNDLE_LOADER = "$(TEST_HOST)";
				INFOPLIST_FILE = "02-UITabBarControllerDemo(Code)Tests/Info.plist";
				LD_RUNPATH_SEARCH_PATHS = "$(inherited) @executable_path/Frameworks @loader_path/Frameworks";
				PRODUCT_BUNDLE_IDENTIFIER = "com.hnqingyun.-2-UITabBarControllerDemo-Code-Tests";
				PRODUCT_NAME = "$(TARGET_NAME)";
				TEST_HOST = "$(BUILT_PRODUCTS_DIR)/02-UITabBarControllerDemo(Code).app/02-UITabBarControllerDemo(Code)";
			};
			name = Release;
		};
		CC88CE401CB4B0DA00134487 /* Debug */ = {
			isa = XCBuildConfiguration;
			buildSettings = {
				INFOPLIST_FILE = "02-UITabBarControllerDemo(Code)UITests/Info.plist";
				LD_RUNPATH_SEARCH_PATHS = "$(inherited) @executable_path/Frameworks @loader_path/Frameworks";
				PRODUCT_BUNDLE_IDENTIFIER = "com.hnqingyun.-2-UITabBarControllerDemo-Code-UITests";
				PRODUCT_NAME = "$(TARGET_NAME)";
				TEST_TARGET_NAME = "02-UITabBarControllerDemo(Code)";
				USES_XCTRUNNER = YES;
			};
			name = Debug;
		};
		CC88CE411CB4B0DA00134487 /* Release */ = {
			isa = XCBuildConfiguration;
			buildSettings = {
				INFOPLIST_FILE = "02-UITabBarControllerDemo(Code)UITests/Info.plist";
				LD_RUNPATH_SEARCH_PATHS = "$(inherited) @executable_path/Frameworks @loader_path/Frameworks";
				PRODUCT_BUNDLE_IDENTIFIER = "com.hnqingyun.-2-UITabBarControllerDemo-Code-UITests";
				PRODUCT_NAME = "$(TARGET_NAME)";
				TEST_TARGET_NAME = "02-UITabBarControllerDemo(Code)";
				USES_XCTRUNNER = YES;
			};
			name = Release;
		};
/* End XCBuildConfiguration section */

/* Begin XCConfigurationList section */
		CC88CE041CB4B0DA00134487 /* Build configuration list for PBXProject "02-UITabBarControllerDemo(Code)" */ = {
			isa = XCConfigurationList;
			buildConfigurations = (
				CC88CE371CB4B0DA00134487 /* Debug */,
				CC88CE381CB4B0DA00134487 /* Release */,
			);
			defaultConfigurationIsVisible = 0;
			defaultConfigurationName = Release;
		};
		CC88CE391CB4B0DA00134487 /* Build configuration list for PBXNativeTarget "02-UITabBarControllerDemo(Code)" */ = {
			isa = XCConfigurationList;
			buildConfigurations = (
				CC88CE3A1CB4B0DA00134487 /* Debug */,
				CC88CE3B1CB4B0DA00134487 /* Release */,
			);
			defaultConfigurationIsVisible = 0;
		};
		CC88CE3C1CB4B0DA00134487 /* Build configuration list for PBXNativeTarget "02-UITabBarControllerDemo(Code)Tests" */ = {
			isa = XCConfigurationList;
			buildConfigurations = (
				CC88CE3D1CB4B0DA00134487 /* Debug */,
				CC88CE3E1CB4B0DA00134487 /* Release */,
			);
			defaultConfigurationIsVisible = 0;
		};
		CC88CE3F1CB4B0DA00134487 /* Build configuration list for PBXNativeTarget "02-UITabBarControllerDemo(Code)UITests" */ = {
			isa = XCConfigurationList;
			buildConfigurations = (
				CC88CE401CB4B0DA00134487 /* Debug */,
				CC88CE411CB4B0DA00134487 /* Release */,
			);
			defaultConfigurationIsVisible = 0;
		};
/* End XCConfigurationList section */

/* Begin XCVersionGroup section */
		CC88CE181CB4B0DA00134487 /* _2_UITabBarControllerDemo_Code_.xcdatamodeld */ = {
			isa = XCVersionGroup;
			children = (
				CC88CE191CB4B0DA00134487 /* _2_UITabBarControllerDemo_Code_.xcdatamodel */,
			);
			currentVersion = CC88CE191CB4B0DA00134487 /* _2_UITabBarControllerDemo_Code_.xcdatamodel */;
			path = _2_UITabBarControllerDemo_Code_.xcdatamodeld;
			sourceTree = "<group>";
			versionGroupType = wrapper.xcdatamodel;
		};
/* End XCVersionGroup section */
	};
	rootObject = CC88CE011CB4B0DA00134487 /* Project object */;
}
